
Microsoft Visual Studio Solution File, Format Version 12.00
# Visual Studio Express 14 for Windows Desktop
VisualStudioVersion = 14.0.25420.1
MinimumVisualStudioVersion = 10.0.40219.1
Project("{FAE04EC0-301F-11D3-BF4B-00C04F79EFBC}") = "Walex", "Walex\Walex.csproj", "{A629B97C-6EC6-49E7-9FFD-50581BE24DDE}"
EndProject
Global
	GlobalSection(SolutionConfigurationPlatforms) = preSolution
		Debug|Any CPU = Debug|Any CPU
		Release|Any CPU = Release|Any CPU
	EndGlobalSection
	GlobalSection(ProjectConfigurationPlatforms) = postSolution
		{A629B97C-6EC6-49E7-9FFD-50581BE24DDE}.Debug|Any CPU.ActiveCfg = Debug|Any CPU
		{A629B97C-6EC6-49E7-9FFD-50581BE24DDE}.Debug|Any CPU.Build.0 = Debug|Any CPU
		{A629B97C-6EC6-49E7-9FFD-50581BE24DDE}.Release|Any CPU.ActiveCfg = Release|Any CPU
		{A629B97C-6EC6-49E7-9FFD-50581BE24DDE}.Release|Any CPU.Build.0 = Release|Any CPU
	EndGlobalSection
	GlobalSection(SolutionProperties) = preSolution
		HideSolutionNode = FALSE
	EndGlobalSection
EndGlobal
